
Microsoft Visual Studio Solution File, Format Version 12.00
# Visual Studio Version 16
VisualStudioVersion = 16.0.30611.23
MinimumVisualStudioVersion = 10.0.40219.1
Project("{FAE04EC0-301F-11D3-BF4B-00C04F79EFBC}") = "Eksamen", "Eksamen.csproj", "{BE8F7130-D337-435B-B4EC-2C9A323C5042}"
EndProject
Global
	GlobalSection(SolutionConfigurationPlatforms) = preSolution
		Debug|Any CPU = Debug|Any CPU
		Release|Any CPU = Release|Any CPU
	EndGlobalSection
	GlobalSection(ProjectConfigurationPlatforms) = postSolution
		{BE8F7130-D337-435B-B4EC-2C9A323C5042}.Debug|Any CPU.ActiveCfg = Debug|Any CPU
		{BE8F7130-D337-435B-B4EC-2C9A323C5042}.Debug|Any CPU.Build.0 = Debug|Any CPU
		{BE8F7130-D337-435B-B4EC-2C9A323C5042}.Release|Any CPU.ActiveCfg = Release|Any CPU
		{BE8F7130-D337-435B-B4EC-2C9A323C5042}.Release|Any CPU.Build.0 = Release|Any CPU
	EndGlobalSection
	GlobalSection(SolutionProperties) = preSolution
		HideSolutionNode = FALSE
	EndGlobalSection
	GlobalSection(ExtensibilityGlobals) = postSolution
		SolutionGuid = {CE7556A2-4264-4CD1-AF68-8AB2A39AB5DD}
	EndGlobalSection
EndGlobal
