
Microsoft Visual Studio Solution File, Format Version 12.00
# Visual Studio Version 16
VisualStudioVersion = 16.0.30503.244
MinimumVisualStudioVersion = 10.0.40219.1
Project("{FAE04EC0-301F-11D3-BF4B-00C04F79EFBC}") = "Lektion2", "Lektion2.csproj", "{ABCBB5EA-9959-4F52-9AFB-3410E5FD3BAC}"
EndProject
Global
	GlobalSection(SolutionConfigurationPlatforms) = preSolution
		Debug|Any CPU = Debug|Any CPU
		Release|Any CPU = Release|Any CPU
	EndGlobalSection
	GlobalSection(ProjectConfigurationPlatforms) = postSolution
		{ABCBB5EA-9959-4F52-9AFB-3410E5FD3BAC}.Debug|Any CPU.ActiveCfg = Debug|Any CPU
		{ABCBB5EA-9959-4F52-9AFB-3410E5FD3BAC}.Debug|Any CPU.Build.0 = Debug|Any CPU
		{ABCBB5EA-9959-4F52-9AFB-3410E5FD3BAC}.Release|Any CPU.ActiveCfg = Release|Any CPU
		{ABCBB5EA-9959-4F52-9AFB-3410E5FD3BAC}.Release|Any CPU.Build.0 = Release|Any CPU
	EndGlobalSection
	GlobalSection(SolutionProperties) = preSolution
		HideSolutionNode = FALSE
	EndGlobalSection
	GlobalSection(ExtensibilityGlobals) = postSolution
		SolutionGuid = {00230650-8715-47BE-8813-200C7D246A45}
	EndGlobalSection
EndGlobal
