
Microsoft Visual Studio Solution File, Format Version 12.00
# Visual Studio Version 16
VisualStudioVersion = 16.0.30503.244
MinimumVisualStudioVersion = 10.0.40219.1
Project("{FAE04EC0-301F-11D3-BF4B-00C04F79EFBC}") = "Lektion 3", "Lektion 3.csproj", "{A536732C-1E6C-4625-9536-679967775A84}"
EndProject
Global
	GlobalSection(SolutionConfigurationPlatforms) = preSolution
		Debug|Any CPU = Debug|Any CPU
		Release|Any CPU = Release|Any CPU
	EndGlobalSection
	GlobalSection(ProjectConfigurationPlatforms) = postSolution
		{A536732C-1E6C-4625-9536-679967775A84}.Debug|Any CPU.ActiveCfg = Debug|Any CPU
		{A536732C-1E6C-4625-9536-679967775A84}.Debug|Any CPU.Build.0 = Debug|Any CPU
		{A536732C-1E6C-4625-9536-679967775A84}.Release|Any CPU.ActiveCfg = Release|Any CPU
		{A536732C-1E6C-4625-9536-679967775A84}.Release|Any CPU.Build.0 = Release|Any CPU
	EndGlobalSection
	GlobalSection(SolutionProperties) = preSolution
		HideSolutionNode = FALSE
	EndGlobalSection
	GlobalSection(ExtensibilityGlobals) = postSolution
		SolutionGuid = {126C1381-D475-45E3-B680-00B0D337A68F}
	EndGlobalSection
EndGlobal
