
Microsoft Visual Studio Solution File, Format Version 12.00
# Visual Studio Version 16
VisualStudioVersion = 16.0.30503.244
MinimumVisualStudioVersion = 10.0.40219.1
Project("{FAE04EC0-301F-11D3-BF4B-00C04F79EFBC}") = "MiniProjekt", "MiniProjekt.csproj", "{E087D418-45A5-4F25-A86A-6DEAE9A6778A}"
EndProject
Global
	GlobalSection(SolutionConfigurationPlatforms) = preSolution
		Debug|Any CPU = Debug|Any CPU
		Release|Any CPU = Release|Any CPU
	EndGlobalSection
	GlobalSection(ProjectConfigurationPlatforms) = postSolution
		{E087D418-45A5-4F25-A86A-6DEAE9A6778A}.Debug|Any CPU.ActiveCfg = Debug|Any CPU
		{E087D418-45A5-4F25-A86A-6DEAE9A6778A}.Debug|Any CPU.Build.0 = Debug|Any CPU
		{E087D418-45A5-4F25-A86A-6DEAE9A6778A}.Release|Any CPU.ActiveCfg = Release|Any CPU
		{E087D418-45A5-4F25-A86A-6DEAE9A6778A}.Release|Any CPU.Build.0 = Release|Any CPU
	EndGlobalSection
	GlobalSection(SolutionProperties) = preSolution
		HideSolutionNode = FALSE
	EndGlobalSection
	GlobalSection(ExtensibilityGlobals) = postSolution
		SolutionGuid = {19027014-A8DD-4E6F-B2FD-D007033696AC}
	EndGlobalSection
EndGlobal
